
Microsoft Visual Studio Solution File, Format Version 12.00
# Visual Studio 14
VisualStudioVersion = 14.0.25420.1
MinimumVisualStudioVersion = 10.0.40219.1
Project("{FAE04EC0-301F-11D3-BF4B-00C04F79EFBC}") = "BNR_Website.UI", "BNR_Website\BNR_Website.UI.csproj", "{474A284C-98C4-405E-A9C5-525D9DD1C94E}"
EndProject
Project("{FAE04EC0-301F-11D3-BF4B-00C04F79EFBC}") = "BNR_Website.DAL", "BNR_Website.DAL\BNR_Website.DAL.csproj", "{9DE6FB14-79E5-4480-B055-DDC86152B531}"
EndProject
Project("{FAE04EC0-301F-11D3-BF4B-00C04F79EFBC}") = "BNR_Website.Commons", "BNR_Website.Commons\BNR_Website.Commons.csproj", "{710DFE61-EBEE-4A0D-8233-A82E42244F4F}"
EndProject
Project("{2150E333-8FDC-42A3-9474-1A3956D46DE8}") = "Solution Items", "Solution Items", "{E9925793-556E-4489-B3B6-DBE2EF97FD8C}"
	ProjectSection(SolutionItems) = preProject
		WebEssentials2015-Settings.json = WebEssentials2015-Settings.json
	EndProjectSection
EndProject
Global
	GlobalSection(SolutionConfigurationPlatforms) = preSolution
		Debug|Any CPU = Debug|Any CPU
		Release|Any CPU = Release|Any CPU
	EndGlobalSection
	GlobalSection(ProjectConfigurationPlatforms) = postSolution
		{474A284C-98C4-405E-A9C5-525D9DD1C94E}.Debug|Any CPU.ActiveCfg = Debug|Any CPU
		{474A284C-98C4-405E-A9C5-525D9DD1C94E}.Debug|Any CPU.Build.0 = Debug|Any CPU
		{474A284C-98C4-405E-A9C5-525D9DD1C94E}.Release|Any CPU.ActiveCfg = Release|Any CPU
		{474A284C-98C4-405E-A9C5-525D9DD1C94E}.Release|Any CPU.Build.0 = Release|Any CPU
		{474A284C-98C4-405E-A9C5-525D9DD1C94E}.Release|Any CPU.Deploy.0 = Release|Any CPU
		{9DE6FB14-79E5-4480-B055-DDC86152B531}.Debug|Any CPU.ActiveCfg = Debug|Any CPU
		{9DE6FB14-79E5-4480-B055-DDC86152B531}.Debug|Any CPU.Build.0 = Debug|Any CPU
		{9DE6FB14-79E5-4480-B055-DDC86152B531}.Release|Any CPU.ActiveCfg = Release|Any CPU
		{9DE6FB14-79E5-4480-B055-DDC86152B531}.Release|Any CPU.Build.0 = Release|Any CPU
		{710DFE61-EBEE-4A0D-8233-A82E42244F4F}.Debug|Any CPU.ActiveCfg = Debug|Any CPU
		{710DFE61-EBEE-4A0D-8233-A82E42244F4F}.Debug|Any CPU.Build.0 = Debug|Any CPU
		{710DFE61-EBEE-4A0D-8233-A82E42244F4F}.Release|Any CPU.ActiveCfg = Release|Any CPU
		{710DFE61-EBEE-4A0D-8233-A82E42244F4F}.Release|Any CPU.Build.0 = Release|Any CPU
		{710DFE61-EBEE-4A0D-8233-A82E42244F4F}.Release|Any CPU.Deploy.0 = Release|Any CPU
	EndGlobalSection
	GlobalSection(SolutionProperties) = preSolution
		HideSolutionNode = FALSE
	EndGlobalSection
EndGlobal
